
Microsoft Visual Studio Solution File, Format Version 12.00
# Visual Studio 2012
Project("{FAE04EC0-301F-11D3-BF4B-00C04F79EFBC}") = "Zerogic", "Source\Zerogic.csproj", "{AACD9F4A-E060-49C7-9367-484FF09594EB}"
EndProject
Project("{FAE04EC0-301F-11D3-BF4B-00C04F79EFBC}") = "ZerogicTest", "Test\ZerogicTest.csproj", "{66FAB8E4-FDD6-453C-9B8D-F98EC6FC8C68}"
EndProject
Global
	GlobalSection(SolutionConfigurationPlatforms) = preSolution
		Debug|Any CPU = Debug|Any CPU
		Release|Any CPU = Release|Any CPU
	EndGlobalSection
	GlobalSection(ProjectConfigurationPlatforms) = postSolution
		{AACD9F4A-E060-49C7-9367-484FF09594EB}.Debug|Any CPU.ActiveCfg = Debug|Any CPU
		{AACD9F4A-E060-49C7-9367-484FF09594EB}.Debug|Any CPU.Build.0 = Debug|Any CPU
		{AACD9F4A-E060-49C7-9367-484FF09594EB}.Release|Any CPU.ActiveCfg = Release|Any CPU
		{AACD9F4A-E060-49C7-9367-484FF09594EB}.Release|Any CPU.Build.0 = Release|Any CPU
		{66FAB8E4-FDD6-453C-9B8D-F98EC6FC8C68}.Debug|Any CPU.ActiveCfg = Debug|Any CPU
		{66FAB8E4-FDD6-453C-9B8D-F98EC6FC8C68}.Debug|Any CPU.Build.0 = Debug|Any CPU
		{66FAB8E4-FDD6-453C-9B8D-F98EC6FC8C68}.Release|Any CPU.ActiveCfg = Release|Any CPU
		{66FAB8E4-FDD6-453C-9B8D-F98EC6FC8C68}.Release|Any CPU.Build.0 = Release|Any CPU
	EndGlobalSection
	GlobalSection(SolutionProperties) = preSolution
		HideSolutionNode = FALSE
	EndGlobalSection
EndGlobal
